// !$*UTF8*$!
{
	archiveVersion = 1;
	classes = {
	};
	objectVersion = 55;
	objects = {

/* Begin PBXBuildFile section */
		2BDE2268284213BF003C38C4 /* AppDelegate.swift in Sources */ = {isa = PBXBuildFile; fileRef = 2BDE2267284213BF003C38C4 /* AppDelegate.swift */; };
		2BDE226A284213BF003C38C4 /* SceneDelegate.swift in Sources */ = {isa = PBXBuildFile; fileRef = 2BDE2269284213BF003C38C4 /* SceneDelegate.swift */; };
		2BDE226C284213BF003C38C4 /* ViewController.swift in Sources */ = {isa = PBXBuildFile; fileRef = 2BDE226B284213BF003C38C4 /* ViewController.swift */; };
		2BDE226F284213BF003C38C4 /* Main.storyboard in Resources */ = {isa = PBXBuildFile; fileRef = 2BDE226D284213BF003C38C4 /* Main.storyboard */; };
		2BDE2271284213C3003C38C4 /* Assets.xcassets in Resources */ = {isa = PBXBuildFile; fileRef = 2BDE2270284213C3003C38C4 /* Assets.xcassets */; };
		2BDE2274284213C3003C38C4 /* LaunchScreen.storyboard in Resources */ = {isa = PBXBuildFile; fileRef = 2BDE2272284213C3003C38C4 /* LaunchScreen.storyboard */; };
		2BDE228128421977003C38C4 /* Watermelon.swift in Sources */ = {isa = PBXBuildFile; fileRef = 2BDE228028421977003C38C4 /* Watermelon.swift */; };
		2BDE22832842338D003C38C4 /* OrderViewController.swift in Sources */ = {isa = PBXBuildFile; fileRef = 2BDE22822842338D003C38C4 /* OrderViewController.swift */; };
		2BDE2285284235BF003C38C4 /* DataManager.swift in Sources */ = {isa = PBXBuildFile; fileRef = 2BDE2284284235BF003C38C4 /* DataManager.swift */; };
/* End PBXBuildFile section */

/* Begin PBXFileReference section */
		2BDE2264284213BF003C38C4 /* Arbuz.app */ = {isa = PBXFileReference; explicitFileType = wrapper.application; includeInIndex = 0; path = Arbuz.app; sourceTree = BUILT_PRODUCTS_DIR; };
		2BDE2267284213BF003C38C4 /* AppDelegate.swift */ = {isa = PBXFileReference; lastKnownFileType = sourcecode.swift; path = AppDelegate.swift; sourceTree = "<group>"; };
		2BDE2269284213BF003C38C4 /* SceneDelegate.swift */ = {isa = PBXFileReference; lastKnownFileType = sourcecode.swift; path = SceneDelegate.swift; sourceTree = "<group>"; };
		2BDE226B284213BF003C38C4 /* ViewController.swift */ = {isa = PBXFileReference; lastKnownFileType = sourcecode.swift; path = ViewController.swift; sourceTree = "<group>"; };
		2BDE226E284213BF003C38C4 /* Base */ = {isa = PBXFileReference; lastKnownFileType = file.storyboard; name = Base; path = Base.lproj/Main.storyboard; sourceTree = "<group>"; };
		2BDE2270284213C3003C38C4 /* Assets.xcassets */ = {isa = PBXFileReference; lastKnownFileType = folder.assetcatalog; path = Assets.xcassets; sourceTree = "<group>"; };
		2BDE2273284213C3003C38C4 /* Base */ = {isa = PBXFileReference; lastKnownFileType = file.storyboard; name = Base; path = Base.lproj/LaunchScreen.storyboard; sourceTree = "<group>"; };
		2BDE2275284213C3003C38C4 /* Info.plist */ = {isa = PBXFileReference; lastKnownFileType = text.plist.xml; path = Info.plist; sourceTree = "<group>"; };
		2BDE228028421977003C38C4 /* Watermelon.swift */ = {isa = PBXFileReference; lastKnownFileType = sourcecode.swift; path = Watermelon.swift; sourceTree = "<group>"; };
		2BDE22822842338D003C38C4 /* OrderViewController.swift */ = {isa = PBXFileReference; lastKnownFileType = sourcecode.swift; path = OrderViewController.swift; sourceTree = "<group>"; };
		2BDE2284284235BF003C38C4 /* DataManager.swift */ = {isa = PBXFileReference; lastKnownFileType = sourcecode.swift; path = DataManager.swift; sourceTree = "<group>"; };
/* End PBXFileReference section */

/* Begin PBXFrameworksBuildPhase section */
		2BDE2261284213BF003C38C4 /* Frameworks */ = {
			isa = PBXFrameworksBuildPhase;
			buildActionMask = 2147483647;
			files = (
			);
			runOnlyForDeploymentPostprocessing = 0;
		};
/* End PBXFrameworksBuildPhase section */

/* Begin PBXGroup section */
		2BDE225B284213BE003C38C4 = {
			isa = PBXGroup;
			children = (
				2BDE2266284213BF003C38C4 /* Arbuz */,
				2BDE2265284213BF003C38C4 /* Products */,
			);
			sourceTree = "<group>";
		};
		2BDE2265284213BF003C38C4 /* Products */ = {
			isa = PBXGroup;
			children = (
				2BDE2264284213BF003C38C4 /* Arbuz.app */,
			);
			name = Products;
			sourceTree = "<group>";
		};
		2BDE2266284213BF003C38C4 /* Arbuz */ = {
			isa = PBXGroup;
			children = (
				2BDE2286284235F4003C38C4 /* Manager */,
				2BDE227E28421936003C38C4 /* Model */,
				2BDE227D2842192C003C38C4 /* Controller */,
				2BDE227B28421910003C38C4 /* App */,
				2BDE226D284213BF003C38C4 /* Main.storyboard */,
				2BDE227C28421922003C38C4 /* Additional files */,
				2BDE2275284213C3003C38C4 /* Info.plist */,
			);
			path = Arbuz;
			sourceTree = "<group>";
		};
		2BDE227B28421910003C38C4 /* App */ = {
			isa = PBXGroup;
			children = (
				2BDE2267284213BF003C38C4 /* AppDelegate.swift */,
				2BDE2269284213BF003C38C4 /* SceneDelegate.swift */,
			);
			path = App;
			sourceTree = "<group>";
		};
		2BDE227C28421922003C38C4 /* Additional files */ = {
			isa = PBXGroup;
			children = (
				2BDE2270284213C3003C38C4 /* Assets.xcassets */,
				2BDE2272284213C3003C38C4 /* LaunchScreen.storyboard */,
			);
			path = "Additional files";
			sourceTree = "<group>";
		};
		2BDE227D2842192C003C38C4 /* Controller */ = {
			isa = PBXGroup;
			children = (
				2BDE226B284213BF003C38C4 /* ViewController.swift */,
				2BDE22822842338D003C38C4 /* OrderViewController.swift */,
			);
			path = Controller;
			sourceTree = "<group>";
		};
		2BDE227E28421936003C38C4 /* Model */ = {
			isa = PBXGroup;
			children = (
				2BDE228028421977003C38C4 /* Watermelon.swift */,
			);
			path = Model;
			sourceTree = "<group>";
		};
		2BDE2286284235F4003C38C4 /* Manager */ = {
			isa = PBXGroup;
			children = (
				2BDE2284284235BF003C38C4 /* DataManager.swift */,
			);
			path = Manager;
			sourceTree = "<group>";
		};
/* End PBXGroup section */

/* Begin PBXNativeTarget section */
		2BDE2263284213BF003C38C4 /* Arbuz */ = {
			isa = PBXNativeTarget;
			buildConfigurationList = 2BDE2278284213C3003C38C4 /* Build configuration list for PBXNativeTarget "Arbuz" */;
			buildPhases = (
				2BDE2260284213BF003C38C4 /* Sources */,
				2BDE2261284213BF003C38C4 /* Frameworks */,
				2BDE2262284213BF003C38C4 /* Resources */,
			);
			buildRules = (
			);
			dependencies = (
			);
			name = Arbuz;
			productName = Arbuz;
			productReference = 2BDE2264284213BF003C38C4 /* Arbuz.app */;
			productType = "com.apple.product-type.application";
		};
/* End PBXNativeTarget section */

/* Begin PBXProject section */
		2BDE225C284213BE003C38C4 /* Project object */ = {
			isa = PBXProject;
			attributes = {
				BuildIndependentTargetsInParallel = 1;
				LastSwiftUpdateCheck = 1330;
				LastUpgradeCheck = 1330;
				TargetAttributes = {
					2BDE2263284213BF003C38C4 = {
						CreatedOnToolsVersion = 13.3.1;
					};
				};
			};
			buildConfigurationList = 2BDE225F284213BE003C38C4 /* Build configuration list for PBXProject "Arbuz" */;
			compatibilityVersion = "Xcode 13.0";
			developmentRegion = en;
			hasScannedForEncodings = 0;
			knownRegions = (
				en,
				Base,
			);
			mainGroup = 2BDE225B284213BE003C38C4;
			productRefGroup = 2BDE2265284213BF003C38C4 /* Products */;
			projectDirPath = "";
			projectRoot = "";
			targets = (
				2BDE2263284213BF003C38C4 /* Arbuz */,
			);
		};
/* End PBXProject section */

/* Begin PBXResourcesBuildPhase section */
		2BDE2262284213BF003C38C4 /* Resources */ = {
			isa = PBXResourcesBuildPhase;
			buildActionMask = 2147483647;
			files = (
				2BDE2274284213C3003C38C4 /* LaunchScreen.storyboard in Resources */,
				2BDE2271284213C3003C38C4 /* Assets.xcassets in Resources */,
				2BDE226F284213BF003C38C4 /* Main.storyboard in Resources */,
			);
			runOnlyForDeploymentPostprocessing = 0;
		};
/* End PBXResourcesBuildPhase section */

/* Begin PBXSourcesBuildPhase section */
		2BDE2260284213BF003C38C4 /* Sources */ = {
			isa = PBXSourcesBuildPhase;
			buildActionMask = 2147483647;
			files = (
				2BDE226C284213BF003C38C4 /* ViewController.swift in Sources */,
				2BDE2285284235BF003C38C4 /* DataManager.swift in Sources */,
				2BDE22832842338D003C38C4 /* OrderViewController.swift in Sources */,
				2BDE228128421977003C38C4 /* Watermelon.swift in Sources */,
				2BDE2268284213BF003C38C4 /* AppDelegate.swift in Sources */,
				2BDE226A284213BF003C38C4 /* SceneDelegate.swift in Sources */,
			);
			runOnlyForDeploymentPostprocessing = 0;
		};
/* End PBXSourcesBuildPhase section */

/* Begin PBXVariantGroup section */
		2BDE226D284213BF003C38C4 /* Main.storyboard */ = {
			isa = PBXVariantGroup;
			children = (
				2BDE226E284213BF003C38C4 /* Base */,
			);
			name = Main.storyboard;
			sourceTree = "<group>";
		};
		2BDE2272284213C3003C38C4 /* LaunchScreen.storyboard */ = {
			isa = PBXVariantGroup;
			children = (
				2BDE2273284213C3003C38C4 /* Base */,
			);
			name = LaunchScreen.storyboard;
			sourceTree = "<group>";
		};
/* End PBXVariantGroup section */

/* Begin XCBuildConfiguration section */
		2BDE2276284213C3003C38C4 /* Debug */ = {
			isa = XCBuildConfiguration;
			buildSettings = {
				ALWAYS_SEARCH_USER_PATHS = NO;
				CLANG_ANALYZER_NONNULL = YES;
				CLANG_ANALYZER_NUMBER_OBJECT_CONVERSION = YES_AGGRESSIVE;
				CLANG_CXX_LANGUAGE_STANDARD = "gnu++17";
				CLANG_ENABLE_MODULES = YES;
				CLANG_ENABLE_OBJC_ARC = YES;
				CLANG_ENABLE_OBJC_WEAK = YES;
				CLANG_WARN_BLOCK_CAPTURE_AUTORELEASING = YES;
				CLANG_WARN_BOOL_CONVERSION = YES;
				CLANG_WARN_COMMA = YES;
				CLANG_WARN_CONSTANT_CONVERSION = YES;
				CLANG_WARN_DEPRECATED_OBJC_IMPLEMENTATIONS = YES;
				CLANG_WARN_DIRECT_OBJC_ISA_USAGE = YES_ERROR;
				CLANG_WARN_DOCUMENTATION_COMMENTS = YES;
				CLANG_WARN_EMPTY_BODY = YES;
				CLANG_WARN_ENUM_CONVERSION = YES;
				CLANG_WARN_INFINITE_RECURSION = YES;
				CLANG_WARN_INT_CONVERSION = YES;
				CLANG_WARN_NON_LITERAL_NULL_CONVERSION = YES;
				CLANG_WARN_OBJC_IMPLICIT_RETAIN_SELF = YES;
				CLANG_WARN_OBJC_LITERAL_CONVERSION = YES;
				CLANG_WARN_OBJC_ROOT_CLASS = YES_ERROR;
				CLANG_WARN_QUOTED_INCLUDE_IN_FRAMEWORK_HEADER = YES;
				CLANG_WARN_RANGE_LOOP_ANALYSIS = YES;
				CLANG_WARN_STRICT_PROTOTYPES = YES;
				CLANG_WARN_SUSPICIOUS_MOVE = YES;
				CLANG_WARN_UNGUARDED_AVAILABILITY = YES_AGGRESSIVE;
				CLANG_WARN_UNREACHABLE_CODE = YES;
				CLANG_WARN__DUPLICATE_METHOD_MATCH = YES;
				COPY_PHASE_STRIP = NO;
				DEBUG_INFORMATION_FORMAT = dwarf;
				ENABLE_STRICT_OBJC_MSGSEND = YES;
				ENABLE_TESTABILITY = YES;
				GCC_C_LANGUAGE_STANDARD = gnu11;
				GCC_DYNAMIC_NO_PIC = NO;
				GCC_NO_COMMON_BLOCKS = YES;
				GCC_OPTIMIZATION_LEVEL = 0;
				GCC_PREPROCESSOR_DEFINITIONS = (
					"DEBUG=1",
					"$(inherited)",
				);
				GCC_WARN_64_TO_32_BIT_CONVERSION = YES;
				GCC_WARN_ABOUT_RETURN_TYPE = YES_ERROR;
				GCC_WARN_UNDECLARED_SELECTOR = YES;
				GCC_WARN_UNINITIALIZED_AUTOS = YES_AGGRESSIVE;
				GCC_WARN_UNUSED_FUNCTION = YES;
				GCC_WARN_UNUSED_VARIABLE = YES;
				IPHONEOS_DEPLOYMENT_TARGET = 15.4;
				MTL_ENABLE_DEBUG_INFO = INCLUDE_SOURCE;
				MTL_FAST_MATH = YES;
				ONLY_ACTIVE_ARCH = YES;
				SDKROOT = iphoneos;
				SWIFT_ACTIVE_COMPILATION_CONDITIONS = DEBUG;
				SWIFT_OPTIMIZATION_LEVEL = "-Onone";
			};
			name = Debug;
		};
		2BDE2277284213C3003C38C4 /* Release */ = {
			isa = XCBuildConfiguration;
			buildSettings = {
				ALWAYS_SEARCH_USER_PATHS = NO;
				CLANG_ANALYZER_NONNULL = YES;
				CLANG_ANALYZER_NUMBER_OBJECT_CONVERSION = YES_AGGRESSIVE;
				CLANG_CXX_LANGUAGE_STANDARD = "gnu++17";
				CLANG_ENABLE_MODULES = YES;
				CLANG_ENABLE_OBJC_ARC = YES;
				CLANG_ENABLE_OBJC_WEAK = YES;
				CLANG_WARN_BLOCK_CAPTURE_AUTORELEASING = YES;
				CLANG_WARN_BOOL_CONVERSION = YES;
				CLANG_WARN_COMMA = YES;
				CLANG_WARN_CONSTANT_CONVERSION = YES;
				CLANG_WARN_DEPRECATED_OBJC_IMPLEMENTATIONS = YES;
				CLANG_WARN_DIRECT_OBJC_ISA_USAGE = YES_ERROR;
				CLANG_WARN_DOCUMENTATION_COMMENTS = YES;
				CLANG_WARN_EMPTY_BODY = YES;
				CLANG_WARN_ENUM_CONVERSION = YES;
				CLANG_WARN_INFINITE_RECURSION = YES;
				CLANG_WARN_INT_CONVERSION = YES;
				CLANG_WARN_NON_LITERAL_NULL_CONVERSION = YES;
				CLANG_WARN_OBJC_IMPLICIT_RETAIN_SELF = YES;
				CLANG_WARN_OBJC_LITERAL_CONVERSION = YES;
				CLANG_WARN_OBJC_ROOT_CLASS = YES_ERROR;
				CLANG_WARN_QUOTED_INCLUDE_IN_FRAMEWORK_HEADER = YES;
				CLANG_WARN_RANGE_LOOP_ANALYSIS = YES;
				CLANG_WARN_STRICT_PROTOTYPES = YES;
				CLANG_WARN_SUSPICIOUS_MOVE = YES;
				CLANG_WARN_UNGUARDED_AVAILABILITY = YES_AGGRESSIVE;
				CLANG_WARN_UNREACHABLE_CODE = YES;
				CLANG_WARN__DUPLICATE_METHOD_MATCH = YES;
				COPY_PHASE_STRIP = NO;
				DEBUG_INFORMATION_FORMAT = "dwarf-with-dsym";
				ENABLE_NS_ASSERTIONS = NO;
				ENABLE_STRICT_OBJC_MSGSEND = YES;
				GCC_C_LANGUAGE_STANDARD = gnu11;
				GCC_NO_COMMON_BLOCKS = YES;
				GCC_WARN_64_TO_32_BIT_CONVERSION = YES;
				GCC_WARN_ABOUT_RETURN_TYPE = YES_ERROR;
				GCC_WARN_UNDECLARED_SELECTOR = YES;
				GCC_WARN_UNINITIALIZED_AUTOS = YES_AGGRESSIVE;
				GCC_WARN_UNUSED_FUNCTION = YES;
				GCC_WARN_UNUSED_VARIABLE = YES;
				IPHONEOS_DEPLOYMENT_TARGET = 15.4;
				MTL_ENABLE_DEBUG_INFO = NO;
				MTL_FAST_MATH = YES;
				SDKROOT = iphoneos;
				SWIFT_COMPILATION_MODE = wholemodule;
				SWIFT_OPTIMIZATION_LEVEL = "-O";
				VALIDATE_PRODUCT = YES;
			};
			name = Release;
		};
		2BDE2279284213C3003C38C4 /* Debug */ = {
			isa = XCBuildConfiguration;
			buildSettings = {
				ASSETCATALOG_COMPILER_APPICON_NAME = AppIcon;
				ASSETCATALOG_COMPILER_GLOBAL_ACCENT_COLOR_NAME = AccentColor;
				CODE_SIGN_STYLE = Automatic;
				CURRENT_PROJECT_VERSION = 1;
				GENERATE_INFOPLIST_FILE = YES;
				INFOPLIST_FILE = Arbuz/Info.plist;
				INFOPLIST_KEY_UIApplicationSupportsIndirectInputEvents = YES;
				INFOPLIST_KEY_UILaunchStoryboardName = LaunchScreen;
				INFOPLIST_KEY_UIMainStoryboardFile = Main;
				INFOPLIST_KEY_UISupportedInterfaceOrientations_iPad = "UIInterfaceOrientationPortrait UIInterfaceOrientationPortraitUpsideDown UIInterfaceOrientationLandscapeLeft UIInterfaceOrientationLandscapeRight";
				INFOPLIST_KEY_UISupportedInterfaceOrientations_iPhone = "UIInterfaceOrientationPortrait UIInterfaceOrientationLandscapeLeft UIInterfaceOrientationLandscapeRight";
				LD_RUNPATH_SEARCH_PATHS = (
					"$(inherited)",
					"@executable_path/Frameworks",
				);
				MARKETING_VERSION = 1.0;
				PRODUCT_BUNDLE_IDENTIFIER = kbtu.Arbuz;
				PRODUCT_NAME = "$(TARGET_NAME)";
				SWIFT_EMIT_LOC_STRINGS = YES;
				SWIFT_VERSION = 5.0;
				TARGETED_DEVICE_FAMILY = "1,2";
			};
			name = Debug;
		};
		2BDE227A284213C3003C38C4 /* Release */ = {
			isa = XCBuildConfiguration;
			buildSettings = {
				ASSETCATALOG_COMPILER_APPICON_NAME = AppIcon;
				ASSETCATALOG_COMPILER_GLOBAL_ACCENT_COLOR_NAME = AccentColor;
				CODE_SIGN_STYLE = Automatic;
				CURRENT_PROJECT_VERSION = 1;
				GENERATE_INFOPLIST_FILE = YES;
				INFOPLIST_FILE = Arbuz/Info.plist;
				INFOPLIST_KEY_UIApplicationSupportsIndirectInputEvents = YES;
				INFOPLIST_KEY_UILaunchStoryboardName = LaunchScreen;
				INFOPLIST_KEY_UIMainStoryboardFile = Main;
				INFOPLIST_KEY_UISupportedInterfaceOrientations_iPad = "UIInterfaceOrientationPortrait UIInterfaceOrientationPortraitUpsideDown UIInterfaceOrientationLandscapeLeft UIInterfaceOrientationLandscapeRight";
				INFOPLIST_KEY_UISupportedInterfaceOrientations_iPhone = "UIInterfaceOrientationPortrait UIInterfaceOrientationLandscapeLeft UIInterfaceOrientationLandscapeRight";
				LD_RUNPATH_SEARCH_PATHS = (
					"$(inherited)",
					"@executable_path/Frameworks",
				);
				MARKETING_VERSION = 1.0;
				PRODUCT_BUNDLE_IDENTIFIER = kbtu.Arbuz;
				PRODUCT_NAME = "$(TARGET_NAME)";
				SWIFT_EMIT_LOC_STRINGS = YES;
				SWIFT_VERSION = 5.0;
				TARGETED_DEVICE_FAMILY = "1,2";
			};
			name = Release;
		};
/* End XCBuildConfiguration section */

/* Begin XCConfigurationList section */
		2BDE225F284213BE003C38C4 /* Build configuration list for PBXProject "Arbuz" */ = {
			isa = XCConfigurationList;
			buildConfigurations = (
				2BDE2276284213C3003C38C4 /* Debug */,
				2BDE2277284213C3003C38C4 /* Release */,
			);
			defaultConfigurationIsVisible = 0;
			defaultConfigurationName = Release;
		};
		2BDE2278284213C3003C38C4 /* Build configuration list for PBXNativeTarget "Arbuz" */ = {
			isa = XCConfigurationList;
			buildConfigurations = (
				2BDE2279284213C3003C38C4 /* Debug */,
				2BDE227A284213C3003C38C4 /* Release */,
			);
			defaultConfigurationIsVisible = 0;
			defaultConfigurationName = Release;
		};
/* End XCConfigurationList section */
	};
	rootObject = 2BDE225C284213BE003C38C4 /* Project object */;
}
